
Microsoft Visual Studio Solution File, Format Version 12.00
# Visual Studio 15
VisualStudioVersion = 15.0.28307.852
MinimumVisualStudioVersion = 10.0.40219.1
Project("{FAE04EC0-301F-11D3-BF4B-00C04F79EFBC}") = "GZipStreamCompress", "GZipStreamCompress\GZipStreamCompress.csproj", "{65A4EA0C-97E2-4C43-AE99-B44805F267A4}"
EndProject
Project("{FAE04EC0-301F-11D3-BF4B-00C04F79EFBC}") = "GZipStreamDecompress", "GZipStreamDecompress\GZipStreamDecompress.csproj", "{9EF8FA67-3AA7-4C25-8519-8CA967FE0E2A}"
EndProject
Global
	GlobalSection(SolutionConfigurationPlatforms) = preSolution
		Debug|Any CPU = Debug|Any CPU
		Release|Any CPU = Release|Any CPU
	EndGlobalSection
	GlobalSection(ProjectConfigurationPlatforms) = postSolution
		{65A4EA0C-97E2-4C43-AE99-B44805F267A4}.Debug|Any CPU.ActiveCfg = Debug|Any CPU
		{65A4EA0C-97E2-4C43-AE99-B44805F267A4}.Debug|Any CPU.Build.0 = Debug|Any CPU
		{65A4EA0C-97E2-4C43-AE99-B44805F267A4}.Release|Any CPU.ActiveCfg = Release|Any CPU
		{65A4EA0C-97E2-4C43-AE99-B44805F267A4}.Release|Any CPU.Build.0 = Release|Any CPU
		{9EF8FA67-3AA7-4C25-8519-8CA967FE0E2A}.Debug|Any CPU.ActiveCfg = Debug|Any CPU
		{9EF8FA67-3AA7-4C25-8519-8CA967FE0E2A}.Debug|Any CPU.Build.0 = Debug|Any CPU
		{9EF8FA67-3AA7-4C25-8519-8CA967FE0E2A}.Release|Any CPU.ActiveCfg = Release|Any CPU
		{9EF8FA67-3AA7-4C25-8519-8CA967FE0E2A}.Release|Any CPU.Build.0 = Release|Any CPU
	EndGlobalSection
	GlobalSection(SolutionProperties) = preSolution
		HideSolutionNode = FALSE
	EndGlobalSection
	GlobalSection(ExtensibilityGlobals) = postSolution
		SolutionGuid = {30B1923E-6AC9-44B8-85A1-6E2D999957F7}
	EndGlobalSection
EndGlobal
